{
  "originHash" : "06090d8cdd602409370b8db0323291fcddc920e21f042a148998c1c0c249b3fd",
  "pins" : [
    {
      "identity" : "libgit2",
      "kind" : "remoteSourceControl",
      "location" : "https://github.com/ibrahimcetin/libgit2.git",
      "state" : {
        "revision" : "52287b0914f300f916b58fec80e13d8dd8f6824f",
        "version" : "1.9.2"
      }
    },
    {
      "identity" : "yams",
      "kind" : "remoteSourceControl",
      "location" : "https://github.com/jpsim/Yams.git",
      "state" : {
        "revision" : "3d6871d5b4a5cd519adf233fbb576e0a2af71c17",
        "version" : "5.4.0"
      }
    }
  ],
  "version" : 3
}
